// !$*UTF8*$!
{
	archiveVersion = 1;
	classes = {
	};
	objectVersion = 46;
	objects = {

/* Begin PBXBuildFile section */
		6AB0D92F1CCA3A2600DCFF65 /* PreCache in Resources */ = {isa = PBXBuildFile; fileRef = 6AB0D92E1CCA3A2600DCFF65 /* PreCache */; };
		6AB0D93F1CCA619500DCFF65 /* AppDelegate.swift in Sources */ = {isa = PBXBuildFile; fileRef = 6AB0D9351CCA619500DCFF65 /* AppDelegate.swift */; };
		6AB0D9401CCA619500DCFF65 /* Assets.xcassets in Resources */ = {isa = PBXBuildFile; fileRef = 6AB0D9361CCA619500DCFF65 /* Assets.xcassets */; };
		6AB0D9411CCA619500DCFF65 /* LaunchScreen.storyboard in Resources */ = {isa = PBXBuildFile; fileRef = 6AB0D9371CCA619500DCFF65 /* LaunchScreen.storyboard */; };
		6AB0D9421CCA619500DCFF65 /* Main.storyboard in Resources */ = {isa = PBXBuildFile; fileRef = 6AB0D9391CCA619500DCFF65 /* Main.storyboard */; };
		6AB0D9431CCA619500DCFF65 /* Config.swift in Sources */ = {isa = PBXBuildFile; fileRef = 6AB0D93B1CCA619500DCFF65 /* Config.swift */; };
		6AB0D9441CCA619500DCFF65 /* delay.swift in Sources */ = {isa = PBXBuildFile; fileRef = 6AB0D93C1CCA619500DCFF65 /* delay.swift */; };
		6AB0D9451CCA619500DCFF65 /* Info.plist in Resources */ = {isa = PBXBuildFile; fileRef = 6AB0D93D1CCA619500DCFF65 /* Info.plist */; };
		6AB0D9461CCA619500DCFF65 /* WebViewController.swift in Sources */ = {isa = PBXBuildFile; fileRef = 6AB0D93E1CCA619500DCFF65 /* WebViewController.swift */; };
		8BE7E34AF2BF1A8816671CFA /* Pods.framework in Frameworks */ = {isa = PBXBuildFile; fileRef = 4CDC6C3E96A8CF25FECA7FED /* Pods.framework */; };
/* End PBXBuildFile section */

/* Begin PBXFileReference section */
		46CE4F4B1C7D117540357090 /* Pods.release.xcconfig */ = {isa = PBXFileReference; includeInIndex = 1; lastKnownFileType = text.xcconfig; name = Pods.release.xcconfig; path = "Pods/Target Support Files/Pods/Pods.release.xcconfig"; sourceTree = "<group>"; };
		4CDC6C3E96A8CF25FECA7FED /* Pods.framework */ = {isa = PBXFileReference; explicitFileType = wrapper.framework; includeInIndex = 0; path = Pods.framework; sourceTree = BUILT_PRODUCTS_DIR; };
		6AB0D7991CCA344900DCFF65 /* turtle.app */ = {isa = PBXFileReference; explicitFileType = wrapper.application; includeInIndex = 0; path = turtle.app; sourceTree = BUILT_PRODUCTS_DIR; };
		6AB0D92E1CCA3A2600DCFF65 /* PreCache */ = {isa = PBXFileReference; lastKnownFileType = folder; path = PreCache; sourceTree = "<group>"; };
		6AB0D9351CCA619500DCFF65 /* AppDelegate.swift */ = {isa = PBXFileReference; fileEncoding = 4; lastKnownFileType = sourcecode.swift; path = AppDelegate.swift; sourceTree = "<group>"; };
		6AB0D9361CCA619500DCFF65 /* Assets.xcassets */ = {isa = PBXFileReference; lastKnownFileType = folder.assetcatalog; path = Assets.xcassets; sourceTree = "<group>"; };
		6AB0D9381CCA619500DCFF65 /* Base */ = {isa = PBXFileReference; lastKnownFileType = file.storyboard; name = Base; path = Base.lproj/LaunchScreen.storyboard; sourceTree = "<group>"; };
		6AB0D93A1CCA619500DCFF65 /* Base */ = {isa = PBXFileReference; lastKnownFileType = file.storyboard; name = Base; path = Base.lproj/Main.storyboard; sourceTree = "<group>"; };
		6AB0D93B1CCA619500DCFF65 /* Config.swift */ = {isa = PBXFileReference; fileEncoding = 4; lastKnownFileType = sourcecode.swift; path = Config.swift; sourceTree = "<group>"; };
		6AB0D93C1CCA619500DCFF65 /* delay.swift */ = {isa = PBXFileReference; fileEncoding = 4; lastKnownFileType = sourcecode.swift; path = delay.swift; sourceTree = "<group>"; };
		6AB0D93D1CCA619500DCFF65 /* Info.plist */ = {isa = PBXFileReference; fileEncoding = 4; lastKnownFileType = text.plist.xml; path = Info.plist; sourceTree = "<group>"; };
		6AB0D93E1CCA619500DCFF65 /* WebViewController.swift */ = {isa = PBXFileReference; fileEncoding = 4; lastKnownFileType = sourcecode.swift; path = WebViewController.swift; sourceTree = "<group>"; };
		DCA31A92A662213904C942DA /* Pods.debug.xcconfig */ = {isa = PBXFileReference; includeInIndex = 1; lastKnownFileType = text.xcconfig; name = Pods.debug.xcconfig; path = "Pods/Target Support Files/Pods/Pods.debug.xcconfig"; sourceTree = "<group>"; };
/* End PBXFileReference section */

/* Begin PBXFrameworksBuildPhase section */
		6AB0D7961CCA344900DCFF65 /* Frameworks */ = {
			isa = PBXFrameworksBuildPhase;
			buildActionMask = 2147483647;
			files = (
				8BE7E34AF2BF1A8816671CFA /* Pods.framework in Frameworks */,
			);
			runOnlyForDeploymentPostprocessing = 0;
		};
/* End PBXFrameworksBuildPhase section */

/* Begin PBXGroup section */
		580115F211303C7B9F7DA18E /* Frameworks */ = {
			isa = PBXGroup;
			children = (
				4CDC6C3E96A8CF25FECA7FED /* Pods.framework */,
			);
			name = Frameworks;
			sourceTree = "<group>";
		};
		6AB0D7901CCA344900DCFF65 = {
			isa = PBXGroup;
			children = (
				6AB0D92E1CCA3A2600DCFF65 /* PreCache */,
				6AB0D9341CCA619500DCFF65 /* turtle */,
				6AB0D79A1CCA344900DCFF65 /* Products */,
				D97741E77203D1053B559D76 /* Pods */,
				580115F211303C7B9F7DA18E /* Frameworks */,
			);
			sourceTree = "<group>";
		};
		6AB0D79A1CCA344900DCFF65 /* Products */ = {
			isa = PBXGroup;
			children = (
				6AB0D7991CCA344900DCFF65 /* turtle.app */,
			);
			name = Products;
			sourceTree = "<group>";
		};
		6AB0D9341CCA619500DCFF65 /* turtle */ = {
			isa = PBXGroup;
			children = (
				6AB0D9351CCA619500DCFF65 /* AppDelegate.swift */,
				6AB0D9361CCA619500DCFF65 /* Assets.xcassets */,
				6AB0D9371CCA619500DCFF65 /* LaunchScreen.storyboard */,
				6AB0D9391CCA619500DCFF65 /* Main.storyboard */,
				6AB0D93B1CCA619500DCFF65 /* Config.swift */,
				6AB0D93C1CCA619500DCFF65 /* delay.swift */,
				6AB0D93D1CCA619500DCFF65 /* Info.plist */,
				6AB0D93E1CCA619500DCFF65 /* WebViewController.swift */,
			);
			path = turtle;
			sourceTree = "<group>";
		};
		D97741E77203D1053B559D76 /* Pods */ = {
			isa = PBXGroup;
			children = (
				DCA31A92A662213904C942DA /* Pods.debug.xcconfig */,
				46CE4F4B1C7D117540357090 /* Pods.release.xcconfig */,
			);
			name = Pods;
			sourceTree = "<group>";
		};
/* End PBXGroup section */

/* Begin PBXNativeTarget section */
		6AB0D7981CCA344900DCFF65 /* turtle */ = {
			isa = PBXNativeTarget;
			buildConfigurationList = 6AB0D7AB1CCA344900DCFF65 /* Build configuration list for PBXNativeTarget "turtle" */;
			buildPhases = (
				E6B0A7B7EAE74EAC873FD370 /* Check Pods Manifest.lock */,
				6AB0D7951CCA344900DCFF65 /* Sources */,
				6AB0D7961CCA344900DCFF65 /* Frameworks */,
				6AB0D7971CCA344900DCFF65 /* Resources */,
				52608A8AD59D71B739DC94AA /* Embed Pods Frameworks */,
				895312B51616D0C76F3DFC8F /* Copy Pods Resources */,
			);
			buildRules = (
			);
			dependencies = (
			);
			name = turtle;
			productName = WebAppShell;
			productReference = 6AB0D7991CCA344900DCFF65 /* turtle.app */;
			productType = "com.apple.product-type.application";
		};
/* End PBXNativeTarget section */

/* Begin PBXProject section */
		6AB0D7911CCA344900DCFF65 /* Project object */ = {
			isa = PBXProject;
			attributes = {
				LastSwiftUpdateCheck = 0730;
				LastUpgradeCheck = 0730;
				ORGANIZATIONNAME = buildo;
				TargetAttributes = {
					6AB0D7981CCA344900DCFF65 = {
						CreatedOnToolsVersion = 7.3;
					};
				};
			};
			buildConfigurationList = 6AB0D7941CCA344900DCFF65 /* Build configuration list for PBXProject "turtle" */;
			compatibilityVersion = "Xcode 3.2";
			developmentRegion = English;
			hasScannedForEncodings = 0;
			knownRegions = (
				en,
				Base,
			);
			mainGroup = 6AB0D7901CCA344900DCFF65;
			productRefGroup = 6AB0D79A1CCA344900DCFF65 /* Products */;
			projectDirPath = "";
			projectRoot = "";
			targets = (
				6AB0D7981CCA344900DCFF65 /* turtle */,
			);
		};
/* End PBXProject section */

/* Begin PBXResourcesBuildPhase section */
		6AB0D7971CCA344900DCFF65 /* Resources */ = {
			isa = PBXResourcesBuildPhase;
			buildActionMask = 2147483647;
			files = (
				6AB0D9411CCA619500DCFF65 /* LaunchScreen.storyboard in Resources */,
				6AB0D9401CCA619500DCFF65 /* Assets.xcassets in Resources */,
				6AB0D92F1CCA3A2600DCFF65 /* PreCache in Resources */,
				6AB0D9451CCA619500DCFF65 /* Info.plist in Resources */,
				6AB0D9421CCA619500DCFF65 /* Main.storyboard in Resources */,
			);
			runOnlyForDeploymentPostprocessing = 0;
		};
/* End PBXResourcesBuildPhase section */

/* Begin PBXShellScriptBuildPhase section */
		52608A8AD59D71B739DC94AA /* Embed Pods Frameworks */ = {
			isa = PBXShellScriptBuildPhase;
			buildActionMask = 2147483647;
			files = (
			);
			inputPaths = (
			);
			name = "Embed Pods Frameworks";
			outputPaths = (
			);
			runOnlyForDeploymentPostprocessing = 0;
			shellPath = /bin/sh;
			shellScript = "\"${SRCROOT}/Pods/Target Support Files/Pods/Pods-frameworks.sh\"\n";
			showEnvVarsInLog = 0;
		};
		895312B51616D0C76F3DFC8F /* Copy Pods Resources */ = {
			isa = PBXShellScriptBuildPhase;
			buildActionMask = 2147483647;
			files = (
			);
			inputPaths = (
			);
			name = "Copy Pods Resources";
			outputPaths = (
			);
			runOnlyForDeploymentPostprocessing = 0;
			shellPath = /bin/sh;
			shellScript = "\"${SRCROOT}/Pods/Target Support Files/Pods/Pods-resources.sh\"\n";
			showEnvVarsInLog = 0;
		};
		E6B0A7B7EAE74EAC873FD370 /* Check Pods Manifest.lock */ = {
			isa = PBXShellScriptBuildPhase;
			buildActionMask = 2147483647;
			files = (
			);
			inputPaths = (
			);
			name = "Check Pods Manifest.lock";
			outputPaths = (
			);
			runOnlyForDeploymentPostprocessing = 0;
			shellPath = /bin/sh;
			shellScript = "diff \"${PODS_ROOT}/../Podfile.lock\" \"${PODS_ROOT}/Manifest.lock\" > /dev/null\nif [[ $? != 0 ]] ; then\n    cat << EOM\nerror: The sandbox is not in sync with the Podfile.lock. Run 'pod install' or update your CocoaPods installation.\nEOM\n    exit 1\nfi\n";
			showEnvVarsInLog = 0;
		};
/* End PBXShellScriptBuildPhase section */

/* Begin PBXSourcesBuildPhase section */
		6AB0D7951CCA344900DCFF65 /* Sources */ = {
			isa = PBXSourcesBuildPhase;
			buildActionMask = 2147483647;
			files = (
				6AB0D9441CCA619500DCFF65 /* delay.swift in Sources */,
				6AB0D93F1CCA619500DCFF65 /* AppDelegate.swift in Sources */,
				6AB0D9431CCA619500DCFF65 /* Config.swift in Sources */,
				6AB0D9461CCA619500DCFF65 /* WebViewController.swift in Sources */,
			);
			runOnlyForDeploymentPostprocessing = 0;
		};
/* End PBXSourcesBuildPhase section */

/* Begin PBXVariantGroup section */
		6AB0D9371CCA619500DCFF65 /* LaunchScreen.storyboard */ = {
			isa = PBXVariantGroup;
			children = (
				6AB0D9381CCA619500DCFF65 /* Base */,
			);
			name = LaunchScreen.storyboard;
			sourceTree = "<group>";
		};
		6AB0D9391CCA619500DCFF65 /* Main.storyboard */ = {
			isa = PBXVariantGroup;
			children = (
				6AB0D93A1CCA619500DCFF65 /* Base */,
			);
			name = Main.storyboard;
			sourceTree = "<group>";
		};
/* End PBXVariantGroup section */

/* Begin XCBuildConfiguration section */
		6AB0D7A91CCA344900DCFF65 /* Debug */ = {
			isa = XCBuildConfiguration;
			buildSettings = {
				ALWAYS_SEARCH_USER_PATHS = NO;
				CLANG_ANALYZER_NONNULL = YES;
				CLANG_CXX_LANGUAGE_STANDARD = "gnu++0x";
				CLANG_CXX_LIBRARY = "libc++";
				CLANG_ENABLE_MODULES = YES;
				CLANG_ENABLE_OBJC_ARC = YES;
				CLANG_WARN_BOOL_CONVERSION = YES;
				CLANG_WARN_CONSTANT_CONVERSION = YES;
				CLANG_WARN_DIRECT_OBJC_ISA_USAGE = YES_ERROR;
				CLANG_WARN_EMPTY_BODY = YES;
				CLANG_WARN_ENUM_CONVERSION = YES;
				CLANG_WARN_INT_CONVERSION = YES;
				CLANG_WARN_OBJC_ROOT_CLASS = YES_ERROR;
				CLANG_WARN_UNREACHABLE_CODE = YES;
				CLANG_WARN__DUPLICATE_METHOD_MATCH = YES;
				"CODE_SIGN_IDENTITY[sdk=iphoneos*]" = "iPhone Developer";
				COPY_PHASE_STRIP = NO;
				DEBUG_INFORMATION_FORMAT = dwarf;
				ENABLE_STRICT_OBJC_MSGSEND = YES;
				ENABLE_TESTABILITY = YES;
				GCC_C_LANGUAGE_STANDARD = gnu99;
				GCC_DYNAMIC_NO_PIC = NO;
				GCC_NO_COMMON_BLOCKS = YES;
				GCC_OPTIMIZATION_LEVEL = 0;
				GCC_PREPROCESSOR_DEFINITIONS = (
					"DEBUG=1",
					"$(inherited)",
				);
				GCC_WARN_64_TO_32_BIT_CONVERSION = YES;
				GCC_WARN_ABOUT_RETURN_TYPE = YES_ERROR;
				GCC_WARN_UNDECLARED_SELECTOR = YES;
				GCC_WARN_UNINITIALIZED_AUTOS = YES_AGGRESSIVE;
				GCC_WARN_UNUSED_FUNCTION = YES;
				GCC_WARN_UNUSED_VARIABLE = YES;
				IPHONEOS_DEPLOYMENT_TARGET = 9.3;
				MTL_ENABLE_DEBUG_INFO = YES;
				ONLY_ACTIVE_ARCH = YES;
				SDKROOT = iphoneos;
				SWIFT_OPTIMIZATION_LEVEL = "-Onone";
				TARGETED_DEVICE_FAMILY = "1,2";
			};
			name = Debug;
		};
		6AB0D7AA1CCA344900DCFF65 /* Release */ = {
			isa = XCBuildConfiguration;
			buildSettings = {
				ALWAYS_SEARCH_USER_PATHS = NO;
				CLANG_ANALYZER_NONNULL = YES;
				CLANG_CXX_LANGUAGE_STANDARD = "gnu++0x";
				CLANG_CXX_LIBRARY = "libc++";
				CLANG_ENABLE_MODULES = YES;
				CLANG_ENABLE_OBJC_ARC = YES;
				CLANG_WARN_BOOL_CONVERSION = YES;
				CLANG_WARN_CONSTANT_CONVERSION = YES;
				CLANG_WARN_DIRECT_OBJC_ISA_USAGE = YES_ERROR;
				CLANG_WARN_EMPTY_BODY = YES;
				CLANG_WARN_ENUM_CONVERSION = YES;
				CLANG_WARN_INT_CONVERSION = YES;
				CLANG_WARN_OBJC_ROOT_CLASS = YES_ERROR;
				CLANG_WARN_UNREACHABLE_CODE = YES;
				CLANG_WARN__DUPLICATE_METHOD_MATCH = YES;
				"CODE_SIGN_IDENTITY[sdk=iphoneos*]" = "iPhone Developer";
				COPY_PHASE_STRIP = NO;
				DEBUG_INFORMATION_FORMAT = "dwarf-with-dsym";
				ENABLE_NS_ASSERTIONS = NO;
				ENABLE_STRICT_OBJC_MSGSEND = YES;
				GCC_C_LANGUAGE_STANDARD = gnu99;
				GCC_NO_COMMON_BLOCKS = YES;
				GCC_WARN_64_TO_32_BIT_CONVERSION = YES;
				GCC_WARN_ABOUT_RETURN_TYPE = YES_ERROR;
				GCC_WARN_UNDECLARED_SELECTOR = YES;
				GCC_WARN_UNINITIALIZED_AUTOS = YES_AGGRESSIVE;
				GCC_WARN_UNUSED_FUNCTION = YES;
				GCC_WARN_UNUSED_VARIABLE = YES;
				IPHONEOS_DEPLOYMENT_TARGET = 9.3;
				MTL_ENABLE_DEBUG_INFO = NO;
				SDKROOT = iphoneos;
				TARGETED_DEVICE_FAMILY = "1,2";
				VALIDATE_PRODUCT = YES;
			};
			name = Release;
		};
		6AB0D7AC1CCA344900DCFF65 /* Debug */ = {
			isa = XCBuildConfiguration;
			baseConfigurationReference = DCA31A92A662213904C942DA /* Pods.debug.xcconfig */;
			buildSettings = {
				ASSETCATALOG_COMPILER_APPICON_NAME = AppIcon;
				INFOPLIST_FILE = turtle/Info.plist;
				LD_RUNPATH_SEARCH_PATHS = "$(inherited) @executable_path/Frameworks";
				OTHER_SWIFT_FLAGS = "$(inherited) \"-D\" \"COCOAPODS\" \"-D\" \"DEBUG\"";
				PRODUCT_BUNDLE_IDENTIFIER = io.buildo.turtle;
				PRODUCT_NAME = turtle;
			};
			name = Debug;
		};
		6AB0D7AD1CCA344900DCFF65 /* Release */ = {
			isa = XCBuildConfiguration;
			baseConfigurationReference = 46CE4F4B1C7D117540357090 /* Pods.release.xcconfig */;
			buildSettings = {
				ASSETCATALOG_COMPILER_APPICON_NAME = AppIcon;
				INFOPLIST_FILE = turtle/Info.plist;
				LD_RUNPATH_SEARCH_PATHS = "$(inherited) @executable_path/Frameworks";
				PRODUCT_BUNDLE_IDENTIFIER = io.buildo.turtle;
				PRODUCT_NAME = turtle;
			};
			name = Release;
		};
/* End XCBuildConfiguration section */

/* Begin XCConfigurationList section */
		6AB0D7941CCA344900DCFF65 /* Build configuration list for PBXProject "turtle" */ = {
			isa = XCConfigurationList;
			buildConfigurations = (
				6AB0D7A91CCA344900DCFF65 /* Debug */,
				6AB0D7AA1CCA344900DCFF65 /* Release */,
			);
			defaultConfigurationIsVisible = 0;
			defaultConfigurationName = Release;
		};
		6AB0D7AB1CCA344900DCFF65 /* Build configuration list for PBXNativeTarget "turtle" */ = {
			isa = XCConfigurationList;
			buildConfigurations = (
				6AB0D7AC1CCA344900DCFF65 /* Debug */,
				6AB0D7AD1CCA344900DCFF65 /* Release */,
			);
			defaultConfigurationIsVisible = 0;
			defaultConfigurationName = Release;
		};
/* End XCConfigurationList section */
	};
	rootObject = 6AB0D7911CCA344900DCFF65 /* Project object */;
}
